// !$*UTF8*$!
{ archiveVersion = 1; classes = {}; objectVersion = 60; objects = {
57706D5B4E4555847EE15BDA = { isa = PBXFileReference; lastKnownFileType = sourcecode.swift; path = App/ChatView.swift; sourceTree = SOURCE_ROOT; };
9BB2F94EBF365C994CF7B8E9 = { isa = PBXFileReference; lastKnownFileType = sourcecode.swift; path = App/LibraryController.swift; sourceTree = SOURCE_ROOT; };
ADA43CFBDB04745E399FED5C = { isa = PBXFileReference; lastKnownFileType = sourcecode.swift; path = App/MoxApp.swift; sourceTree = SOURCE_ROOT; };
C275909F9E64EE85E9ABC53B = { isa = PBXFileReference; lastKnownFileType = sourcecode.swift; path = App/PublicAPIView.swift; sourceTree = SOURCE_ROOT; };
2728BA0EA232D032CAFF0FA8 = { isa = PBXFileReference; lastKnownFileType = sourcecode.swift; path = App/WorkspaceView.swift; sourceTree = SOURCE_ROOT; };
D37B9395C2BAF168F977CE9F = { isa = PBXFileReference; lastKnownFileType = sourcecode.swift; path = AppUITests/MoxUITests.swift; sourceTree = SOURCE_ROOT; };
D9E27FA9E890B82B794768A3 = { isa = PBXFileReference; explicitFileType = wrapper.application; path = Mox.app; sourceTree = BUILT_PRODUCTS_DIR; };
1EF00B791BBDE7E67F408150 = { isa = PBXFileReference; explicitFileType = wrapper.cfbundle; path = MoxUITests.xctest; sourceTree = BUILT_PRODUCTS_DIR; };
BC4A71180870F7945155FBB0 = { isa = XCLocalSwiftPackageReference; relativePath = .; };
F4387DDF02B87D8AD99F2ED2 = { isa = XCSwiftPackageProductDependency; productName = MoxChat; };
564DD6909C96E3D5A5052D0E = { isa = XCSwiftPackageProductDependency; productName = MoxBootstrap; };
457409A38A8049BC6BCE599F = { isa = XCSwiftPackageProductDependency; productName = MoxPersistence; };
E9F5FCCA724EFBFB60562C6B = { isa = XCSwiftPackageProductDependency; productName = MoxClient; };
AAC0F47F4D2D8658EECF4940 = { isa = XCSwiftPackageProductDependency; productName = MoxDomain; };
6B2C1CE11D67446CB898B503 = { isa = PBXBuildFile; fileRef = 57706D5B4E4555847EE15BDA; };
3202F1D0A35B197A0029C4DC = { isa = PBXBuildFile; fileRef = 9BB2F94EBF365C994CF7B8E9; };
3B7D83D361AC9BC8706E17BD = { isa = PBXBuildFile; fileRef = ADA43CFBDB04745E399FED5C; };
4B8894F225736E257BDD7A70 = { isa = PBXBuildFile; fileRef = C275909F9E64EE85E9ABC53B; };
EB5C6CDED526DB6A017E6D18 = { isa = PBXBuildFile; fileRef = 2728BA0EA232D032CAFF0FA8; };
587854A59EFBF8969CAFD37F = { isa = PBXBuildFile; fileRef = D37B9395C2BAF168F977CE9F; };
9FC648655441346661CF1C1B = { isa = PBXBuildFile; productRef = F4387DDF02B87D8AD99F2ED2; };
32AE6C992E2FFD440C4C9652 = { isa = PBXBuildFile; productRef = 564DD6909C96E3D5A5052D0E; };
02BA73249C68EBDD954BFF2C = { isa = PBXBuildFile; productRef = 457409A38A8049BC6BCE599F; };
FC2B19ECDC2AF8D53F7301F6 = { isa = PBXBuildFile; productRef = E9F5FCCA724EFBFB60562C6B; };
83D90F758F19A6C1A57039B0 = { isa = PBXBuildFile; productRef = AAC0F47F4D2D8658EECF4940; };
6BAB02B549A96CC50D0CA977 = { isa = PBXSourcesBuildPhase; buildActionMask = 2147483647; files = (6B2C1CE11D67446CB898B503,3202F1D0A35B197A0029C4DC,3B7D83D361AC9BC8706E17BD,4B8894F225736E257BDD7A70,EB5C6CDED526DB6A017E6D18,); runOnlyForDeploymentPostprocessing = 0; };
798B65A4B63A4D08FDD4C755 = { isa = PBXSourcesBuildPhase; buildActionMask = 2147483647; files = (587854A59EFBF8969CAFD37F,); runOnlyForDeploymentPostprocessing = 0; };
E2AA269EB967A8853A258BFA = { isa = PBXFrameworksBuildPhase; buildActionMask = 2147483647; files = (9FC648655441346661CF1C1B,32AE6C992E2FFD440C4C9652,02BA73249C68EBDD954BFF2C,FC2B19ECDC2AF8D53F7301F6,83D90F758F19A6C1A57039B0,); runOnlyForDeploymentPostprocessing = 0; };
41D311A605520FC7B8B9A980 = { isa = PBXResourcesBuildPhase; buildActionMask = 2147483647; files = (); runOnlyForDeploymentPostprocessing = 0; };
AD936FCBED631FA67E05C3EA = { isa = PBXGroup; children = (57706D5B4E4555847EE15BDA,9BB2F94EBF365C994CF7B8E9,ADA43CFBDB04745E399FED5C,C275909F9E64EE85E9ABC53B,2728BA0EA232D032CAFF0FA8,D37B9395C2BAF168F977CE9F,D9E27FA9E890B82B794768A3,1EF00B791BBDE7E67F408150,); sourceTree = "<group>"; };
B00CCDD09424E369308D67FA = { isa = XCBuildConfiguration; name = Debug; buildSettings = { SWIFT_VERSION = 6.0; MACOSX_DEPLOYMENT_TARGET = 15.0; ARCHS = arm64; CODE_SIGN_STYLE = Automatic; CODE_SIGN_IDENTITY = "-"; ENABLE_APP_SANDBOX = NO; SWIFT_OPTIMIZATION_LEVEL = "-Onone"; SWIFT_ACTIVE_COMPILATION_CONDITIONS = DEBUG; DEBUG_INFORMATION_FORMAT = dwarf; PRODUCT_NAME = Mox; PRODUCT_BUNDLE_IDENTIFIER = dev.mox.app; GENERATE_INFOPLIST_FILE = YES; INFOPLIST_KEY_LSApplicationCategoryType = "public.app-category.developer-tools"; INFOPLIST_KEY_NSPrincipalClass = NSApplication; INFOPLIST_KEY_CFBundleDisplayName = Mox; }; };
1B104479E55E37CF8A63CBDF = { isa = XCBuildConfiguration; name = Release; buildSettings = { SWIFT_VERSION = 6.0; MACOSX_DEPLOYMENT_TARGET = 15.0; ARCHS = arm64; CODE_SIGN_STYLE = Automatic; CODE_SIGN_IDENTITY = "-"; ENABLE_APP_SANDBOX = NO; SWIFT_OPTIMIZATION_LEVEL = "-O"; DEBUG_INFORMATION_FORMAT = "dwarf-with-dsym"; PRODUCT_NAME = Mox; PRODUCT_BUNDLE_IDENTIFIER = dev.mox.app; GENERATE_INFOPLIST_FILE = YES; INFOPLIST_KEY_LSApplicationCategoryType = "public.app-category.developer-tools"; INFOPLIST_KEY_NSPrincipalClass = NSApplication; INFOPLIST_KEY_CFBundleDisplayName = Mox; }; };
06CB67C35A91E16DBD17B949 = { isa = XCConfigurationList; buildConfigurations = (B00CCDD09424E369308D67FA,1B104479E55E37CF8A63CBDF,); defaultConfigurationIsVisible = 0; defaultConfigurationName = Release; };
DD3F495F7D6A5AA1C1769021 = { isa = XCBuildConfiguration; name = Debug; buildSettings = { SWIFT_VERSION = 6.0; MACOSX_DEPLOYMENT_TARGET = 15.0; ARCHS = arm64; CODE_SIGN_STYLE = Automatic; CODE_SIGN_IDENTITY = "-"; ENABLE_APP_SANDBOX = NO; SWIFT_OPTIMIZATION_LEVEL = "-Onone"; SWIFT_ACTIVE_COMPILATION_CONDITIONS = DEBUG; DEBUG_INFORMATION_FORMAT = dwarf; PRODUCT_NAME = MoxUITests; PRODUCT_BUNDLE_IDENTIFIER = dev.mox.app.uitests; GENERATE_INFOPLIST_FILE = YES; TEST_TARGET_NAME = Mox; CODE_SIGN_ENTITLEMENTS = AppUITests/MoxUITests.entitlements; }; };
E670BC2FFE794172EBC92AE3 = { isa = XCBuildConfiguration; name = Release; buildSettings = { SWIFT_VERSION = 6.0; MACOSX_DEPLOYMENT_TARGET = 15.0; ARCHS = arm64; CODE_SIGN_STYLE = Automatic; CODE_SIGN_IDENTITY = "-"; ENABLE_APP_SANDBOX = NO; SWIFT_OPTIMIZATION_LEVEL = "-O"; DEBUG_INFORMATION_FORMAT = "dwarf-with-dsym"; PRODUCT_NAME = MoxUITests; PRODUCT_BUNDLE_IDENTIFIER = dev.mox.app.uitests; GENERATE_INFOPLIST_FILE = YES; TEST_TARGET_NAME = Mox; CODE_SIGN_ENTITLEMENTS = AppUITests/MoxUITests.entitlements; }; };
5FA394EFD07597E96CACD8E1 = { isa = XCConfigurationList; buildConfigurations = (DD3F495F7D6A5AA1C1769021,E670BC2FFE794172EBC92AE3,); defaultConfigurationIsVisible = 0; defaultConfigurationName = Release; };
73EBF6644258C120893E685D = { isa = XCBuildConfiguration; name = Debug; buildSettings = { SWIFT_VERSION = 6.0; MACOSX_DEPLOYMENT_TARGET = 15.0; ARCHS = arm64; CODE_SIGN_STYLE = Automatic; CODE_SIGN_IDENTITY = "-"; ENABLE_APP_SANDBOX = NO; SWIFT_OPTIMIZATION_LEVEL = "-Onone"; SWIFT_ACTIVE_COMPILATION_CONDITIONS = DEBUG; DEBUG_INFORMATION_FORMAT = dwarf; ALWAYS_SEARCH_USER_PATHS = NO; ENABLE_USER_SCRIPT_SANDBOXING = NO; }; };
0B0C687DF8B6B8DC790B519C = { isa = XCBuildConfiguration; name = Release; buildSettings = { SWIFT_VERSION = 6.0; MACOSX_DEPLOYMENT_TARGET = 15.0; ARCHS = arm64; CODE_SIGN_STYLE = Automatic; CODE_SIGN_IDENTITY = "-"; ENABLE_APP_SANDBOX = NO; SWIFT_OPTIMIZATION_LEVEL = "-O"; DEBUG_INFORMATION_FORMAT = "dwarf-with-dsym"; ALWAYS_SEARCH_USER_PATHS = NO; ENABLE_USER_SCRIPT_SANDBOXING = NO; }; };
76F8DEC3DFE0BDB465198890 = { isa = XCConfigurationList; buildConfigurations = (73EBF6644258C120893E685D,0B0C687DF8B6B8DC790B519C,); defaultConfigurationIsVisible = 0; defaultConfigurationName = Release; };
8A1EED22144C3F04485A69EE = { isa = PBXShellScriptBuildPhase; buildActionMask = 2147483647; files = (); inputPaths = (); outputPaths = (); runOnlyForDeploymentPostprocessing = 0; alwaysOutOfDate = 1; shellPath = /bin/bash; shellScript = "\"$SRCROOT/scripts/embed-worker.sh\""; };
A172CEDCAE47474B615C54D5 = { isa = PBXNativeTarget; name = Mox; productName = Mox; productReference = D9E27FA9E890B82B794768A3; productType = "com.apple.product-type.application"; buildConfigurationList = 06CB67C35A91E16DBD17B949; buildPhases = (6BAB02B549A96CC50D0CA977,E2AA269EB967A8853A258BFA,41D311A605520FC7B8B9A980,8A1EED22144C3F04485A69EE,); buildRules = (); dependencies = (); packageProductDependencies = (F4387DDF02B87D8AD99F2ED2,564DD6909C96E3D5A5052D0E,457409A38A8049BC6BCE599F,E9F5FCCA724EFBFB60562C6B,AAC0F47F4D2D8658EECF4940,); };
1241936D4DD3AAD68FE7BFBD = { isa = PBXContainerItemProxy; containerPortal = 244210E48437B6556980A702; proxyType = 1; remoteGlobalIDString = A172CEDCAE47474B615C54D5; remoteInfo = Mox; };
F26350DAFE3F19AABFD69AC4 = { isa = PBXTargetDependency; target = A172CEDCAE47474B615C54D5; targetProxy = 1241936D4DD3AAD68FE7BFBD; };
9F86D081884C7D659A2FEAA0 = { isa = PBXNativeTarget; name = MoxUITests; productName = MoxUITests; productReference = 1EF00B791BBDE7E67F408150; productType = "com.apple.product-type.bundle.ui-testing"; buildConfigurationList = 5FA394EFD07597E96CACD8E1; buildPhases = (798B65A4B63A4D08FDD4C755,); buildRules = (); dependencies = (F26350DAFE3F19AABFD69AC4,); };
244210E48437B6556980A702 = { isa = PBXProject; attributes = { LastUpgradeCheck = 2660; TargetAttributes = { 9F86D081884C7D659A2FEAA0 = { TestTargetID = A172CEDCAE47474B615C54D5; }; }; }; buildConfigurationList = 76F8DEC3DFE0BDB465198890; compatibilityVersion = "Xcode 14.0"; developmentRegion = en; knownRegions = (en, Base, "zh-Hans"); mainGroup = AD936FCBED631FA67E05C3EA; projectDirPath = ""; projectRoot = ""; packageReferences = (BC4A71180870F7945155FBB0,); targets = (A172CEDCAE47474B615C54D5,9F86D081884C7D659A2FEAA0,); };
}; rootObject = 244210E48437B6556980A702; }
